Microsoft Visual Studio Solution File, Format Version 12.00
# Visual Studio Version 17
VisualStudioVersion = 17.0.31903.59
MinimumVisualStudioVersion = 10.0.40219.1
Project("{FAE04EC0-301F-11D3-BF4B-00C04F79EFBC}") = "API.TestBase", "API.TestBase\API.TestBase.csproj", "{E9375B99-EFC1-4142-ACF4-8FDBF01AD7D6}"
EndProject
Project("{FAE04EC0-301F-11D3-BF4B-00C04F79EFBC}") = "API.Core", "API.Core\API.Core.csproj", "{42603C17-B6B9-4731-8669-A2DBB9A64193}"
EndProject
Global
	GlobalSection(SolutionConfigurationPlatforms) = preSolution
		Debug|Any CPU = Debug|Any CPU
		Release|Any CPU = Release|Any CPU
	EndGlobalSection
	GlobalSection(ProjectConfigurationPlatforms) = postSolution
		{E9375B99-EFC1-4142-ACF4-8FDBF01AD7D6}.Debug|Any CPU.ActiveCfg = Debug|Any CPU
		{E9375B99-EFC1-4142-ACF4-8FDBF01AD7D6}.Debug|Any CPU.Build.0 = Debug|Any CPU
		{E9375B99-EFC1-4142-ACF4-8FDBF01AD7D6}.Release|Any CPU.ActiveCfg = Release|Any CPU
		{E9375B99-EFC1-4142-ACF4-8FDBF01AD7D6}.Release|Any CPU.Build.0 = Release|Any CPU
		{42603C17-B6B9-4731-8669-A2DBB9A64193}.Debug|Any CPU.ActiveCfg = Debug|Any CPU
		{42603C17-B6B9-4731-8669-A2DBB9A64193}.Debug|Any CPU.Build.0 = Debug|Any CPU
		{42603C17-B6B9-4731-8669-A2DBB9A64193}.Release|Any CPU.ActiveCfg = Release|Any CPU
		{42603C17-B6B9-4731-8669-A2DBB9A64193}.Release|Any CPU.Build.0 = Release|Any CPU
	EndGlobalSection
	GlobalSection(SolutionProperties) = preSolution
		HideSolutionNode = FALSE
	EndGlobalSection
	GlobalSection(ExtensibilityGlobals) = postSolution
		SolutionGuid = {77229B4F-9A80-44D3-A6F8-CAAA9F9BC6B2}
	EndGlobalSection
EndGlobal